{
  "name": "RESEARCH CODES",
  "lockfileVersion": 2,
  "requires": true,
  "packages": {
    "": {
      "dependencies": {
        "colorgram": "^0.2.0"
      }
    },
    "node_modules/colorgram": {
      "version": "0.2.0",
      "resolved": "https://registry.npmjs.org/colorgram/-/colorgram-0.2.0.tgz",
      "integrity": "sha512-eym08lLsN3lURBmQoX5d9CkUmzmNmBP6HW6di+kBf/NhDT/q1gEGxJ8tKBSpKgqklUP2L8+JZOCN+8xXrKtAcQ=="
    }
  },
  "dependencies": {
    "colorgram": {
      "version": "0.2.0",
      "resolved": "https://registry.npmjs.org/colorgram/-/colorgram-0.2.0.tgz",
      "integrity": "sha512-eym08lLsN3lURBmQoX5d9CkUmzmNmBP6HW6di+kBf/NhDT/q1gEGxJ8tKBSpKgqklUP2L8+JZOCN+8xXrKtAcQ=="
    }
  }
}
